
Microsoft Visual Studio Solution File, Format Version 12.00
# Visual Studio Version 17
VisualStudioVersion = 17.7.34221.43
MinimumVisualStudioVersion = 10.0.40219.1
Project("{FAE04EC0-301F-11D3-BF4B-00C04F79EFBC}") = "ScreenSound", "ScreenSound\ScreenSound.csproj", "{AC0FE61E-646C-405B-B3EC-3231167698DB}"
EndProject
Global
	GlobalSection(SolutionConfigurationPlatforms) = preSolution
		Debug|Any CPU = Debug|Any CPU
		Release|Any CPU = Release|Any CPU
	EndGlobalSection
	GlobalSection(ProjectConfigurationPlatforms) = postSolution
		{AC0FE61E-646C-405B-B3EC-3231167698DB}.Debug|Any CPU.ActiveCfg = Debug|Any CPU
		{AC0FE61E-646C-405B-B3EC-3231167698DB}.Debug|Any CPU.Build.0 = Debug|Any CPU
		{AC0FE61E-646C-405B-B3EC-3231167698DB}.Release|Any CPU.ActiveCfg = Release|Any CPU
		{AC0FE61E-646C-405B-B3EC-3231167698DB}.Release|Any CPU.Build.0 = Release|Any CPU
	EndGlobalSection
	GlobalSection(SolutionProperties) = preSolution
		HideSolutionNode = FALSE
	EndGlobalSection
	GlobalSection(ExtensibilityGlobals) = postSolution
		SolutionGuid = {A27A31F9-BCCB-4DF5-AE01-4FDA536BA470}
	EndGlobalSection
EndGlobal
